<?xml version="1.0" encoding="utf-8"?>
<Project ToolsVersion="4.0" xmlns="http://schemas.microsoft.com/developer/msbuild/2003">
  <ItemGroup>
    <ClCompile Include="UnmanagedThing.cpp" />
    <ClCompile Include="UnmanagedThingMgd.cpp" />
    <ClCompile Include="NetCoreInitializer.cpp" />
  </ItemGroup>
  <ItemGroup>
    <ClInclude Include="UnmanagedThing.h" />
    <ClInclude Include="NetCoreInitializer.h" />
  </ItemGroup>
</Project>